
Microsoft Visual Studio Solution File, Format Version 12.00
# Visual Studio Version 17
VisualStudioVersion = 17.3.32825.248
MinimumVisualStudioVersion = 10.0.40219.1
Project("{FAE04EC0-301F-11D3-BF4B-00C04F79EFBC}") = "Strategy", "Strategy\Strategy.csproj", "{DF962673-F672-45C7-9D79-902AAB491033}"
EndProject
Project("{FAE04EC0-301F-11D3-BF4B-00C04F79EFBC}") = "Program", "Program\Program.csproj", "{D4EE82CB-CBF5-4E68-9BB9-D6A804F377BF}"
EndProject
Global
	GlobalSection(SolutionConfigurationPlatforms) = preSolution
		Debug|Any CPU = Debug|Any CPU
		Release|Any CPU = Release|Any CPU
	EndGlobalSection
	GlobalSection(ProjectConfigurationPlatforms) = postSolution
		{DF962673-F672-45C7-9D79-902AAB491033}.Debug|Any CPU.ActiveCfg = Debug|Any CPU
		{DF962673-F672-45C7-9D79-902AAB491033}.Debug|Any CPU.Build.0 = Debug|Any CPU
		{DF962673-F672-45C7-9D79-902AAB491033}.Release|Any CPU.ActiveCfg = Release|Any CPU
		{DF962673-F672-45C7-9D79-902AAB491033}.Release|Any CPU.Build.0 = Release|Any CPU
		{D4EE82CB-CBF5-4E68-9BB9-D6A804F377BF}.Debug|Any CPU.ActiveCfg = Debug|Any CPU
		{D4EE82CB-CBF5-4E68-9BB9-D6A804F377BF}.Debug|Any CPU.Build.0 = Debug|Any CPU
		{D4EE82CB-CBF5-4E68-9BB9-D6A804F377BF}.Release|Any CPU.ActiveCfg = Release|Any CPU
		{D4EE82CB-CBF5-4E68-9BB9-D6A804F377BF}.Release|Any CPU.Build.0 = Release|Any CPU
	EndGlobalSection
	GlobalSection(SolutionProperties) = preSolution
		HideSolutionNode = FALSE
	EndGlobalSection
	GlobalSection(ExtensibilityGlobals) = postSolution
		SolutionGuid = {68DEFFDB-43D1-4B63-A784-13D74B19D648}
	EndGlobalSection
EndGlobal
